asgiref==3.10.0
certifi==2025.11.12
cffi==2.0.0
charset-normalizer==3.4.4
cryptography==46.0.3
defusedxml==0.7.1
dj-database-url==3.0.1
Django==5.2.17
django-active-link==0.3.0
django-anymail[mailgun]==13.1
crispy-bootstrap4==2025.6
django-crispy-forms==2.5
django-icons==25.3
django-polymorphic==4.1.0
django-waffle==5.0.0
dnspython==2.8.0
gunicorn==26.2.0
idna==3.11
oauthlib==3.3.1
packaging==25.0
psycopg2-binary==2.9.11
PyJWT==2.10.1
pymongo==4.15.4
pycparser==3.0
python-decouple==3.8
python3-openid==3.2.0
requests==2.32.5
requests-oauthlib==2.0.0
social-auth-app-django==5.6.0
social-auth-core==4.8.1
sqlparse==0.5.3
tzdata==2025.2
urllib3==2.5.0
whitenoise==6.11.0
